dependencies:
  espressif/cjson:
    component_hash: e788323270d90738662d66fffa910bfe1fba019bba087f01557e70c40485b469
    dependencies:
    - name: idf
      require: private
      version: '>=5.0'
    source:
      registry_url: https://components.espressif.com/
      type: service
    version: 1.7.19~2
  idf:
    source:
      type: idf
    version: 6.1.0
direct_dependencies:
- espressif/cjson
manifest_hash: ef234dabb3194f24a4856218e6b1d4a38a57a4fa513eadb3962d9491d6fad51b
target: esp32c3
version: 3.0.0
